// !$*UTF8*$!
{
	archiveVersion = 1;
	classes = {
	};
	objectVersion = 46;
	objects = {

/* Begin PBXBuildFile section */
		800EAE041D13749E003768E6 /* AppDelegate.swift in Sources */ = {isa = PBXBuildFile; fileRef = 800EAE031D13749E003768E6 /* AppDelegate.swift */; };
		800EAE061D13749E003768E6 /* ViewController.swift in Sources */ = {isa = PBXBuildFile; fileRef = 800EAE051D13749E003768E6 /* ViewController.swift */; };
		800EAE091D13749E003768E6 /* Main.storyboard in Resources */ = {isa = PBXBuildFile; fileRef = 800EAE071D13749E003768E6 /* Main.storyboard */; };
		800EAE0B1D13749E003768E6 /* Assets.xcassets in Resources */ = {isa = PBXBuildFile; fileRef = 800EAE0A1D13749E003768E6 /* Assets.xcassets */; };
		800EAE0E1D13749E003768E6 /* LaunchScreen.storyboard in Resources */ = {isa = PBXBuildFile; fileRef = 800EAE0C1D13749E003768E6 /* LaunchScreen.storyboard */; };
/* End PBXBuildFile section */

/* Begin PBXFileReference section */
		800EAE001D13749E003768E6 /* walking scrolling.app */ = {isa = PBXFileReference; explicitFileType = wrapper.application; includeInIndex = 0; path = "walking scrolling.app"; sourceTree = BUILT_PRODUCTS_DIR; };
		800EAE031D13749E003768E6 /* AppDelegate.swift */ = {isa = PBXFileReference; lastKnownFileType = sourcecode.swift; path = AppDelegate.swift; sourceTree = "<group>"; };
		800EAE051D13749E003768E6 /* ViewController.swift */ = {isa = PBXFileReference; lastKnownFileType = sourcecode.swift; path = ViewController.swift; sourceTree = "<group>"; };
		800EAE081D13749E003768E6 /* Base */ = {isa = PBXFileReference; lastKnownFileType = file.storyboard; name = Base; path = Base.lproj/Main.storyboard; sourceTree = "<group>"; };
		800EAE0A1D13749E003768E6 /* Assets.xcassets */ = {isa = PBXFileReference; lastKnownFileType = folder.assetcatalog; path = Assets.xcassets; sourceTree = "<group>"; };
		800EAE0D1D13749E003768E6 /* Base */ = {isa = PBXFileReference; lastKnownFileType = file.storyboard; name = Base; path = Base.lproj/LaunchScreen.storyboard; sourceTree = "<group>"; };
		800EAE0F1D13749E003768E6 /* Info.plist */ = {isa = PBXFileReference; lastKnownFileType = text.plist.xml; path = Info.plist; sourceTree = "<group>"; };
/* End PBXFileReference section */

/* Begin PBXFrameworksBuildPhase section */
		800EADFD1D13749E003768E6 /* Frameworks */ = {
			isa = PBXFrameworksBuildPhase;
			buildActionMask = 2147483647;
			files = (
			);
			runOnlyForDeploymentPostprocessing = 0;
		};
/* End PBXFrameworksBuildPhase section */

/* Begin PBXGroup section */
		800EADF71D13749E003768E6 = {
			isa = PBXGroup;
			children = (
				800EAE021D13749E003768E6 /* walking scrolling */,
				800EAE011D13749E003768E6 /* Products */,
			);
			sourceTree = "<group>";
		};
		800EAE011D13749E003768E6 /* Products */ = {
			isa = PBXGroup;
			children = (
				800EAE001D13749E003768E6 /* walking scrolling.app */,
			);
			name = Products;
			sourceTree = "<group>";
		};
		800EAE021D13749E003768E6 /* walking scrolling */ = {
			isa = PBXGroup;
			children = (
				800EAE031D13749E003768E6 /* AppDelegate.swift */,
				800EAE051D13749E003768E6 /* ViewController.swift */,
				800EAE071D13749E003768E6 /* Main.storyboard */,
				800EAE0A1D13749E003768E6 /* Assets.xcassets */,
				800EAE0C1D13749E003768E6 /* LaunchScreen.storyboard */,
				800EAE0F1D13749E003768E6 /* Info.plist */,
			);
			path = "walking scrolling";
			sourceTree = "<group>";
		};
/* End PBXGroup section */

/* Begin PBXNativeTarget section */
		800EADFF1D13749E003768E6 /* walking scrolling */ = {
			isa = PBXNativeTarget;
			buildConfigurationList = 800EAE121D13749E003768E6 /* Build configuration list for PBXNativeTarget "walking scrolling" */;
			buildPhases = (
				800EADFC1D13749E003768E6 /* Sources */,
				800EADFD1D13749E003768E6 /* Frameworks */,
				800EADFE1D13749E003768E6 /* Resources */,
			);
			buildRules = (
			);
			dependencies = (
			);
			name = "walking scrolling";
			productName = "walking scrolling";
			productReference = 800EAE001D13749E003768E6 /* walking scrolling.app */;
			productType = "com.apple.product-type.application";
		};
/* End PBXNativeTarget section */

/* Begin PBXProject section */
		800EADF81D13749E003768E6 /* Project object */ = {
			isa = PBXProject;
			attributes = {
				LastSwiftUpdateCheck = 0730;
				LastUpgradeCheck = 0730;
				ORGANIZATIONNAME = "Daniel Stagnaro";
				TargetAttributes = {
					800EADFF1D13749E003768E6 = {
						CreatedOnToolsVersion = 7.3.1;
						DevelopmentTeam = 8VDD8AKFJ8;
					};
				};
			};
			buildConfigurationList = 800EADFB1D13749E003768E6 /* Build configuration list for PBXProject "walking scrolling" */;
			compatibilityVersion = "Xcode 3.2";
			developmentRegion = English;
			hasScannedForEncodings = 0;
			knownRegions = (
				en,
				Base,
			);
			mainGroup = 800EADF71D13749E003768E6;
			productRefGroup = 800EAE011D13749E003768E6 /* Products */;
			projectDirPath = "";
			projectRoot = "";
			targets = (
				800EADFF1D13749E003768E6 /* walking scrolling */,
			);
		};
/* End PBXProject section */

/* Begin PBXResourcesBuildPhase section */
		800EADFE1D13749E003768E6 /* Resources */ = {
			isa = PBXResourcesBuildPhase;
			buildActionMask = 2147483647;
			files = (
				800EAE0E1D13749E003768E6 /* LaunchScreen.storyboard in Resources */,
				800EAE0B1D13749E003768E6 /* Assets.xcassets in Resources */,
				800EAE091D13749E003768E6 /* Main.storyboard in Resources */,
			);
			runOnlyForDeploymentPostprocessing = 0;
		};
/* End PBXResourcesBuildPhase section */

/* Begin PBXSourcesBuildPhase section */
		800EADFC1D13749E003768E6 /* Sources */ = {
			isa = PBXSourcesBuildPhase;
			buildActionMask = 2147483647;
			files = (
				800EAE061D13749E003768E6 /* ViewController.swift in Sources */,
				800EAE041D13749E003768E6 /* AppDelegate.swift in Sources */,
			);
			runOnlyForDeploymentPostprocessing = 0;
		};
/* End PBXSourcesBuildPhase section */

/* Begin PBXVariantGroup section */
		800EAE071D13749E003768E6 /* Main.storyboard */ = {
			isa = PBXVariantGroup;
			children = (
				800EAE081D13749E003768E6 /* Base */,
			);
			name = Main.storyboard;
			sourceTree = "<group>";
		};
		800EAE0C1D13749E003768E6 /* LaunchScreen.storyboard */ = {
			isa = PBXVariantGroup;
			children = (
				800EAE0D1D13749E003768E6 /* Base */,
			);
			name = LaunchScreen.storyboard;
			sourceTree = "<group>";
		};
/* End PBXVariantGroup section */

/* Begin XCBuildConfiguration section */
		800EAE101D13749E003768E6 /* Debug */ = {
			isa = XCBuildConfiguration;
			buildSettings = {
				ALWAYS_SEARCH_USER_PATHS = NO;
				CLANG_ANALYZER_NONNULL = YES;
				CLANG_CXX_LANGUAGE_STANDARD = "gnu++0x";
				CLANG_CXX_LIBRARY = "libc++";
				CLANG_ENABLE_MODULES = YES;
				CLANG_ENABLE_OBJC_ARC = YES;
				CLANG_WARN_BOOL_CONVERSION = YES;
				CLANG_WARN_CONSTANT_CONVERSION = YES;
				CLANG_WARN_DIRECT_OBJC_ISA_USAGE = YES_ERROR;
				CLANG_WARN_EMPTY_BODY = YES;
				CLANG_WARN_ENUM_CONVERSION = YES;
				CLANG_WARN_INT_CONVERSION = YES;
				CLANG_WARN_OBJC_ROOT_CLASS = YES_ERROR;
				CLANG_WARN_UNREACHABLE_CODE = YES;
				CLANG_WARN__DUPLICATE_METHOD_MATCH = YES;
				"CODE_SIGN_IDENTITY[sdk=iphoneos*]" = "iPhone Developer";
				COPY_PHASE_STRIP = NO;
				DEBUG_INFORMATION_FORMAT = dwarf;
				ENABLE_STRICT_OBJC_MSGSEND = YES;
				ENABLE_TESTABILITY = YES;
				GCC_C_LANGUAGE_STANDARD = gnu99;
				GCC_DYNAMIC_NO_PIC = NO;
				GCC_NO_COMMON_BLOCKS = YES;
				GCC_OPTIMIZATION_LEVEL = 0;
				GCC_PREPROCESSOR_DEFINITIONS = (
					"DEBUG=1",
					"$(inherited)",
				);
				GCC_WARN_64_TO_32_BIT_CONVERSION = YES;
				GCC_WARN_ABOUT_RETURN_TYPE = YES_ERROR;
				GCC_WARN_UNDECLARED_SELECTOR = YES;
				GCC_WARN_UNINITIALIZED_AUTOS = YES_AGGRESSIVE;
				GCC_WARN_UNUSED_FUNCTION = YES;
				GCC_WARN_UNUSED_VARIABLE = YES;
				IPHONEOS_DEPLOYMENT_TARGET = 9.3;
				MTL_ENABLE_DEBUG_INFO = YES;
				ONLY_ACTIVE_ARCH = YES;
				SDKROOT = iphoneos;
				SWIFT_OPTIMIZATION_LEVEL = "-Onone";
			};
			name = Debug;
		};
		800EAE111D13749E003768E6 /* Release */ = {
			isa = XCBuildConfiguration;
			buildSettings = {
				ALWAYS_SEARCH_USER_PATHS = NO;
				CLANG_ANALYZER_NONNULL = YES;
				CLANG_CXX_LANGUAGE_STANDARD = "gnu++0x";
				CLANG_CXX_LIBRARY = "libc++";
				CLANG_ENABLE_MODULES = YES;
				CLANG_ENABLE_OBJC_ARC = YES;
				CLANG_WARN_BOOL_CONVERSION = YES;
				CLANG_WARN_CONSTANT_CONVERSION = YES;
				CLANG_WARN_DIRECT_OBJC_ISA_USAGE = YES_ERROR;
				CLANG_WARN_EMPTY_BODY = YES;
				CLANG_WARN_ENUM_CONVERSION = YES;
				CLANG_WARN_INT_CONVERSION = YES;
				CLANG_WARN_OBJC_ROOT_CLASS = YES_ERROR;
				CLANG_WARN_UNREACHABLE_CODE = YES;
				CLANG_WARN__DUPLICATE_METHOD_MATCH = YES;
				"CODE_SIGN_IDENTITY[sdk=iphoneos*]" = "iPhone Developer";
				COPY_PHASE_STRIP = NO;
				DEBUG_INFORMATION_FORMAT = "dwarf-with-dsym";
				ENABLE_NS_ASSERTIONS = NO;
				ENABLE_STRICT_OBJC_MSGSEND = YES;
				GCC_C_LANGUAGE_STANDARD = gnu99;
				GCC_NO_COMMON_BLOCKS = YES;
				GCC_WARN_64_TO_32_BIT_CONVERSION = YES;
				GCC_WARN_ABOUT_RETURN_TYPE = YES_ERROR;
				GCC_WARN_UNDECLARED_SELECTOR = YES;
				GCC_WARN_UNINITIALIZED_AUTOS = YES_AGGRESSIVE;
				GCC_WARN_UNUSED_FUNCTION = YES;
				GCC_WARN_UNUSED_VARIABLE = YES;
				IPHONEOS_DEPLOYMENT_TARGET = 9.3;
				MTL_ENABLE_DEBUG_INFO = NO;
				SDKROOT = iphoneos;
				VALIDATE_PRODUCT = YES;
			};
			name = Release;
		};
		800EAE131D13749E003768E6 /* Debug */ = {
			isa = XCBuildConfiguration;
			buildSettings = {
				ASSETCATALOG_COMPILER_APPICON_NAME = AppIcon;
				INFOPLIST_FILE = "walking scrolling/Info.plist";
				LD_RUNPATH_SEARCH_PATHS = "$(inherited) @executable_path/Frameworks";
				PRODUCT_BUNDLE_IDENTIFIER = "com.DanielStagnaro.walking-scrolling";
				PRODUCT_NAME = "$(TARGET_NAME)";
			};
			name = Debug;
		};
		800EAE141D13749E003768E6 /* Release */ = {
			isa = XCBuildConfiguration;
			buildSettings = {
				ASSETCATALOG_COMPILER_APPICON_NAME = AppIcon;
				INFOPLIST_FILE = "walking scrolling/Info.plist";
				LD_RUNPATH_SEARCH_PATHS = "$(inherited) @executable_path/Frameworks";
				PRODUCT_BUNDLE_IDENTIFIER = "com.DanielStagnaro.walking-scrolling";
				PRODUCT_NAME = "$(TARGET_NAME)";
			};
			name = Release;
		};
/* End XCBuildConfiguration section */

/* Begin XCConfigurationList section */
		800EADFB1D13749E003768E6 /* Build configuration list for PBXProject "walking scrolling" */ = {
			isa = XCConfigurationList;
			buildConfigurations = (
				800EAE101D13749E003768E6 /* Debug */,
				800EAE111D13749E003768E6 /* Release */,
			);
			defaultConfigurationIsVisible = 0;
			defaultConfigurationName = Release;
		};
		800EAE121D13749E003768E6 /* Build configuration list for PBXNativeTarget "walking scrolling" */ = {
			isa = XCConfigurationList;
			buildConfigurations = (
				800EAE131D13749E003768E6 /* Debug */,
				800EAE141D13749E003768E6 /* Release */,
			);
			defaultConfigurationIsVisible = 0;
		};
/* End XCConfigurationList section */
	};
	rootObject = 800EADF81D13749E003768E6 /* Project object */;
}
